
Microsoft Visual Studio Solution File, Format Version 12.00
# Visual Studio 15
VisualStudioVersion = 15.0.27004.2005
MinimumVisualStudioVersion = 10.0.40219.1
Project("{8BC9CEB8-8B4A-11D0-8D11-00A0C91BC942}") = "L02S01.Namespace", "L02S01.Namespace\L02S01.Namespace.vcxproj", "{E44148C5-52A4-4E2A-9195-E4B29332F360}"
EndProject
Project("{8BC9CEB8-8B4A-11D0-8D11-00A0C91BC942}") = "L02S01.Review", "L02S01.Review\L02S01.Review.vcxproj", "{807A6EE6-3ECF-40F8-BD8F-B85995B68FCD}"
EndProject
Project("{8BC9CEB8-8B4A-11D0-8D11-00A0C91BC942}") = "L02S01.SimpleExample", "L02S01.SimpleExample\L02S01.SimpleExample.vcxproj", "{F89E7036-9D65-44A3-B873-28739D1391F6}"
EndProject
Project("{8BC9CEB8-8B4A-11D0-8D11-00A0C91BC942}") = "L02S02.Add", "L02S02.Add\L02S02.Add.vcxproj", "{6978DD14-78B1-46E4-8063-DC3BC1661416}"
EndProject
Project("{8BC9CEB8-8B4A-11D0-8D11-00A0C91BC942}") = "L02S03.IfElse", "L02S03.IfElse\L02S03.IfElse.vcxproj", "{4BE2FA32-9B44-4DED-8168-91DF374FC8E6}"
EndProject
Project("{8BC9CEB8-8B4A-11D0-8D11-00A0C91BC942}") = "L02S04.ForLoop", "L02S04.ForLoop\L02S04.ForLoop.vcxproj", "{F48462C5-DEDD-4D22-A202-94D19DE87414}"
EndProject
Project("{8BC9CEB8-8B4A-11D0-8D11-00A0C91BC942}") = "L02S04.WhileLoop", "L02S04.WhileLoop\L02S04.WhileLoop.vcxproj", "{73CDDB80-01C9-438F-96DB-563CE5BAAC2E}"
EndProject
Project("{8BC9CEB8-8B4A-11D0-8D11-00A0C91BC942}") = "L03S03.FixedArray", "L03S03.FixedArray\L03S03.FixedArray.vcxproj", "{2AC3553B-3C7B-4AAE-9A3E-8EDD79B93C09}"
EndProject
Project("{8BC9CEB8-8B4A-11D0-8D11-00A0C91BC942}") = "L03S03.MultiplicationTable", "L03S03.MultiplicationTable\L03S03.MultiplicationTable.vcxproj", "{A6C07E54-BA52-4CD2-B417-2E55A20A3420}"
EndProject
Project("{8BC9CEB8-8B4A-11D0-8D11-00A0C91BC942}") = "L03S04.AddFunction", "L03S04.AddFunction\L03S04.AddFunction.vcxproj", "{FDBCE913-AFB2-4668-AED3-26FA806D2FFB}"
EndProject
Project("{8BC9CEB8-8B4A-11D0-8D11-00A0C91BC942}") = "L03S04.AddFunction2", "L03S04.AddFunction2\L03S04.AddFunction2.vcxproj", "{44454C9C-658C-4504-9A8B-07348068A47F}"
EndProject
Project("{8BC9CEB8-8B4A-11D0-8D11-00A0C91BC942}") = "L03S05.AddFunction2HeaderSource", "L03S05.AddFunction2Header\L03S05.AddFunction2Header.vcxproj", "{09698CEB-6F3F-4998-A948-AD0BC1ACC5F1}"
EndProject
Project("{8BC9CEB8-8B4A-11D0-8D11-00A0C91BC942}") = "L03S06.AddPassByReference", "L03S06.AddPassByReference\L03S06.AddPassByReference.vcxproj", "{94A0B5DD-2006-4555-A2D1-7CEF6FA8E227}"
EndProject
Project("{8BC9CEB8-8B4A-11D0-8D11-00A0C91BC942}") = "L03S06.AddPassByValue", "L03S06.AddPassByValue\L03S06.AddPassByValue.vcxproj", "{6CB6ED5A-DC85-40C6-804C-F58A9D30093F}"
EndProject
Project("{8BC9CEB8-8B4A-11D0-8D11-00A0C91BC942}") = "L03S07.Random", "L03S07.Random\L03S07.Random.vcxproj", "{AA4CAAA0-F60F-42E4-838F-54469E5261C7}"
EndProject
Project("{8BC9CEB8-8B4A-11D0-8D11-00A0C91BC942}") = "L03S08.DynamicIO", "L03S08.DynamicIO\L03S08.DynamicIO.vcxproj", "{589D482C-79A4-47E4-BFEB-16FB142AC375}"
EndProject
Project("{8BC9CEB8-8B4A-11D0-8D11-00A0C91BC942}") = "L03S08.ReadInput", "L03S08.ReadInput\L03S08.ReadInput.vcxproj", "{B3C5565B-CDCA-4431-BE1A-1D9005DF883E}"
EndProject
Project("{8BC9CEB8-8B4A-11D0-8D11-00A0C91BC942}") = "L03S08.WriteOutput", "L03S08.WriteOutput\L03S08.WriteOutput.vcxproj", "{A190000E-6740-4247-9118-50261E0658AB}"
EndProject
Project("{8BC9CEB8-8B4A-11D0-8D11-00A0C91BC942}") = "L04S01.NotSoSimplePointer", "L04S01.NotSoSimplePointer\L04S01.NotSoSimplePointer.vcxproj", "{D5FD0F4C-CB0F-411F-859D-1367199022E1}"
EndProject
Project("{8BC9CEB8-8B4A-11D0-8D11-00A0C91BC942}") = "L04S01.Pswap", "L04S01.Pswap\L04S01.Pswap.vcxproj", "{E1C8F0C2-B14A-48C6-B504-211839B226C5}"
EndProject
Project("{8BC9CEB8-8B4A-11D0-8D11-00A0C91BC942}") = "L04S01.Rswap", "L04S01.Rswap\L04S01.Rswap.vcxproj", "{BCD325B2-A4BB-4D13-BE7C-F140C9E782F3}"
EndProject
Project("{8BC9CEB8-8B4A-11D0-8D11-00A0C91BC942}") = "L04S01.SimplePointer", "L04S01.SimplePointer\L04S01.SimplePointer.vcxproj", "{01965162-64EC-41CF-ACFA-475605FE1228}"
EndProject
Project("{8BC9CEB8-8B4A-11D0-8D11-00A0C91BC942}") = "L04S01.Swap", "L04S01.Swap\L04S01.Swap.vcxproj", "{E9E6B2E8-0EF3-4365-8ABE-F5D3BB582688}"
EndProject
Project("{8BC9CEB8-8B4A-11D0-8D11-00A0C91BC942}") = "L04S02.AllocateInFunction", "L04S02.AllocateInFunction\L04S02.AllocateInFunction.vcxproj", "{5F028EFF-BA70-48AE-B629-73B95AC1FF55}"
EndProject
Project("{8BC9CEB8-8B4A-11D0-8D11-00A0C91BC942}") = "L04S02.ArbitraryArray", "L04S02.ArbitraryArray\L04S02.ArbitraryArray.vcxproj", "{AEBC9986-6CFE-4CDB-8223-E23DDA7E9915}"
EndProject
Project("{8BC9CEB8-8B4A-11D0-8D11-00A0C91BC942}") = "L04S02.MemoryLeak", "L04S02.MemoryLeak\L04S02.MemoryLeak.vcxproj", "{6059D633-E6AB-4BC7-8425-0BB067484A50}"
EndProject
Project("{8BC9CEB8-8B4A-11D0-8D11-00A0C91BC942}") = "L04S02.NoMemoryLeak", "L04S02.NoMemoryLeak\L04S02.NoMemoryLeak.vcxproj", "{4C24BAB6-5FE4-4B7F-8A26-0D7FA1DD3643}"
EndProject
Project("{8BC9CEB8-8B4A-11D0-8D11-00A0C91BC942}") = "L04S02.StackAndHeap", "L04S02.StackAndHeap\L04S02.StackAndHeap.vcxproj", "{3802C626-4410-4B66-AEF6-36ADFBD1B8A6}"
EndProject
Project("{8BC9CEB8-8B4A-11D0-8D11-00A0C91BC942}") = "L04S02.TwoDimensionalArray", "L04S02.TwoDimensionalArray\L04S02.TwoDimensionalArray.vcxproj", "{A78FBB13-78DF-4B58-ACE5-981200F0BE6E}"
EndProject
Project("{8BC9CEB8-8B4A-11D0-8D11-00A0C91BC942}") = "L05S01.FirstFlightOfSSS", "L05S01.FirstFlightOfSSS\L05S01.FirstFlightOfSSS.vcxproj", "{4812D870-95A0-4F29-9861-16713A55A890}"
EndProject
Project("{8BC9CEB8-8B4A-11D0-8D11-00A0C91BC942}") = "L05S04.SecondFlightOfSSS", "L05S04.SecondFlightOfSSS\L05S04.SecondFlightOfSSS.vcxproj", "{31DC993C-9512-44CD-941F-F47A164F584F}"
EndProject
Project("{8BC9CEB8-8B4A-11D0-8D11-00A0C91BC942}") = "L05S05.ShallowCopy", "L05S05.ShallowCopy\L05S05.ShallowCopy.vcxproj", "{490E0FD1-8113-4E2E-9A26-247A46B5DB7D}"
EndProject
Project("{8BC9CEB8-8B4A-11D0-8D11-00A0C91BC942}") = "L05S06.ClassMembers", "L05S06.ClassMembers\L05S06.ClassMembers.vcxproj", "{19793B23-883F-450B-96D9-8DDBA30B5999}"
EndProject
Project("{8BC9CEB8-8B4A-11D0-8D11-00A0C91BC942}") = "L05S06.ConstantMembers", "L05S06.ConstantMembers\L05S06.ConstantMembers.vcxproj", "{5AAB08FD-B69C-49A9-B4BD-031F36CEDB73}"
EndProject
Project("{8BC9CEB8-8B4A-11D0-8D11-00A0C91BC942}") = "L05S07.OverloadedOperators", "L05S07.OverloadedOperators\L05S07.OverloadedOperators.vcxproj", "{729EDDAA-AEC0-4C74-B24B-B5A12A18F64B}"
EndProject
Project("{8BC9CEB8-8B4A-11D0-8D11-00A0C91BC942}") = "L05S08.StaticMembers", "L05S08.StaticMembers\L05S08.StaticMembers.vcxproj", "{79262B96-8056-44D0-B77C-EAED94617D94}"
EndProject
Project("{8BC9CEB8-8B4A-11D0-8D11-00A0C91BC942}") = "L06S01.InheritanceVehiclePlane", "L06S01.InheritanceVehicle\L06S01.InheritanceVehicle.vcxproj", "{6049192C-4801-4A83-9A94-C906D49BB68C}"
EndProject
Project("{8BC9CEB8-8B4A-11D0-8D11-00A0C91BC942}") = "L06S02.InheritanceVehiclePlaneApplied", "L06S01.InheritanceVehicleA\L06S01.InheritanceVehicleA.vcxproj", "{21A1E110-372D-4357-8C43-4D4293787F38}"
EndProject
Project("{8BC9CEB8-8B4A-11D0-8D11-00A0C91BC942}") = "L06S02.NonPolymorphism", "L06S02.NonPolymorphism\L06S02.NonPolymorphism.vcxproj", "{32CA979D-AB94-496B-870B-078C1B95346E}"
EndProject
Project("{8BC9CEB8-8B4A-11D0-8D11-00A0C91BC942}") = "L06S02.Polymorphism", "L06S02.Polymorphism\L06S02.Polymorphism.vcxproj", "{5EB875E6-BE71-4176-8861-1DC649C96FE6}"
EndProject
Project("{8BC9CEB8-8B4A-11D0-8D11-00A0C91BC942}") = "L06S03.AbstractClassApplied", "L06S03.AbstractClassApplied\L06S03.AbstractClassApplied.vcxproj", "{B35A2684-6525-4E90-A887-B10622F6F042}"
EndProject
Project("{8BC9CEB8-8B4A-11D0-8D11-00A0C91BC942}") = "L07S01.FunctionTemplate", "L07S01.FunctionTemplate\L07S01.FunctionTemplate.vcxproj", "{1EB2C8D7-0BB0-4BD1-898A-0AED8F260165}"
EndProject
Project("{8BC9CEB8-8B4A-11D0-8D11-00A0C91BC942}") = "L07S02.ClassTemplate", "L07S02.ClassTemplate\L07S02.ClassTemplate.vcxproj", "{F84D5094-8F79-463E-8785-D410239BE053}"
EndProject
Project("{8BC9CEB8-8B4A-11D0-8D11-00A0C91BC942}") = "L07S03.VectorExample", "L07S03.VectorExample\L07S03.VectorExample.vcxproj", "{6B50498A-0064-429B-8BE9-68D975A7DF98}"
EndProject
Project("{8BC9CEB8-8B4A-11D0-8D11-00A0C91BC942}") = "L07S04.InvalidIterator", "L07S04.InvalidIterator\L07S04.InvalidIterator.vcxproj", "{5C36B53B-9988-4720-A49D-E18DF97BC76E}"
EndProject
Project("{8BC9CEB8-8B4A-11D0-8D11-00A0C91BC942}") = "L07S04.VectorIterator", "L07S04.VectorIterator\L07S04.VectorIterator.vcxproj", "{B2643494-E4D0-4439-8933-35FEA677364A}"
EndProject
Project("{8BC9CEB8-8B4A-11D0-8D11-00A0C91BC942}") = "L07S05.MapExample", "L07S05.MapExample\L07S05.MapExample.vcxproj", "{E03C631A-AF51-4B41-AB68-215A123B411F}"
EndProject
Project("{8BC9CEB8-8B4A-11D0-8D11-00A0C91BC942}") = "L07S05.SetExample", "L07S05.SetExample\L07S05.SetExample.vcxproj", "{C274A852-7326-43EF-934D-007F9A00108F}"
EndProject
Project("{8BC9CEB8-8B4A-11D0-8D11-00A0C91BC942}") = "L08S01.Nonmodifying", "L08S01.Nonmodifying\L08S01.Nonmodifying.vcxproj", "{D73ACE15-AE86-4B00-8E97-2A31005CD912}"
EndProject
Project("{8BC9CEB8-8B4A-11D0-8D11-00A0C91BC942}") = "L08S02.Modifying", "L08S02.Modifying\L08S02.Modifying.vcxproj", "{58DFBA9A-EE8C-4C15-9A8E-581FBB5ACA85}"
EndProject
Project("{8BC9CEB8-8B4A-11D0-8D11-00A0C91BC942}") = "L08S03.ObjectFactory", "L08S03.ObjectFactory\L08S03.ObjectFactory.vcxproj", "{F56C6FFE-39DF-449A-842A-F1FD8E93F694}"
EndProject
Project("{8BC9CEB8-8B4A-11D0-8D11-00A0C91BC942}") = "L09S01.BoostMatrix", "L09S01.BoostMatrix\L09S01.BoostMatrix.vcxproj", "{2C652204-5C7D-4E2D-90D2-3846C692973C}"
EndProject
Project("{8BC9CEB8-8B4A-11D0-8D11-00A0C91BC942}") = "L09S01.BoostThread", "L09S01.BoostThread\L09S01.BoostThread.vcxproj", "{19614F9B-1B35-4255-A94A-9154ED417727}"
EndProject
Project("{8BC9CEB8-8B4A-11D0-8D11-00A0C91BC942}") = "L09S01.BoostThreadAdvanced", "L09S01.BoostThreadAdvanced\L09S01.BoostThreadAdvanced.vcxproj", "{D9B54C3E-806A-4A17-A549-50B62890AB71}"
EndProject
Project("{8BC9CEB8-8B4A-11D0-8D11-00A0C91BC942}") = "L09S03.TowerOfHanoi", "L09S03.TowerOfHanoi\L09S03.TowerOfHanoi.vcxproj", "{4E5AFAF7-C8E6-4690-A636-4C03ADCBD5B3}"
EndProject
Project("{8BC9CEB8-8B4A-11D0-8D11-00A0C91BC942}") = "L09S04.ExceptionHandling", "L09S04.ExceptionHandling\L09S04.ExceptionHandling.vcxproj", "{61FF1115-09FF-439A-B45A-294ECC76A10C}"
EndProject
Project("{8BC9CEB8-8B4A-11D0-8D11-00A0C91BC942}") = "L02S01.Enum", "L02S01.Enum\L02S01.Enum.vcxproj", "{9CEDE925-37EF-4D00-9BE4-95000B3F6F9D}"
EndProject
Project("{8BC9CEB8-8B4A-11D0-8D11-00A0C91BC942}") = "L08S03.ObserverPattern", "L08.S03 Observer Pattern\L08.S03 Observer Pattern.vcxproj", "{5D9F2974-11A2-4D6C-8088-A9783A8A78EB}"
EndProject
Project("{8BC9CEB8-8B4A-11D0-8D11-00A0C91BC942}") = "L07S01.2.Decorator.Pattern", "L07S01.2.Decorator.Pattern\L07S01.2.Decorator.Pattern.vcxproj", "{DC1C917D-B8A1-443A-8889-164CC1920C84}"
EndProject
Global
	GlobalSection(SolutionConfigurationPlatforms) = preSolution
		Debug|x64 = Debug|x64
		Debug|x86 = Debug|x86
		Release|x64 = Release|x64
		Release|x86 = Release|x86
	EndGlobalSection
	GlobalSection(ProjectConfigurationPlatforms) = postSolution
		{E44148C5-52A4-4E2A-9195-E4B29332F360}.Debug|x64.ActiveCfg = Debug|x64
		{E44148C5-52A4-4E2A-9195-E4B29332F360}.Debug|x64.Build.0 = Debug|x64
		{E44148C5-52A4-4E2A-9195-E4B29332F360}.Debug|x86.ActiveCfg = Debug|Win32
		{E44148C5-52A4-4E2A-9195-E4B29332F360}.Debug|x86.Build.0 = Debug|Win32
		{E44148C5-52A4-4E2A-9195-E4B29332F360}.Release|x64.ActiveCfg = Release|x64
		{E44148C5-52A4-4E2A-9195-E4B29332F360}.Release|x64.Build.0 = Release|x64
		{E44148C5-52A4-4E2A-9195-E4B29332F360}.Release|x86.ActiveCfg = Release|Win32
		{E44148C5-52A4-4E2A-9195-E4B29332F360}.Release|x86.Build.0 = Release|Win32
		{807A6EE6-3ECF-40F8-BD8F-B85995B68FCD}.Debug|x64.ActiveCfg = Debug|x64
		{807A6EE6-3ECF-40F8-BD8F-B85995B68FCD}.Debug|x64.Build.0 = Debug|x64
		{807A6EE6-3ECF-40F8-BD8F-B85995B68FCD}.Debug|x86.ActiveCfg = Debug|Win32
		{807A6EE6-3ECF-40F8-BD8F-B85995B68FCD}.Debug|x86.Build.0 = Debug|Win32
		{807A6EE6-3ECF-40F8-BD8F-B85995B68FCD}.Release|x64.ActiveCfg = Release|x64
		{807A6EE6-3ECF-40F8-BD8F-B85995B68FCD}.Release|x64.Build.0 = Release|x64
		{807A6EE6-3ECF-40F8-BD8F-B85995B68FCD}.Release|x86.ActiveCfg = Release|Win32
		{807A6EE6-3ECF-40F8-BD8F-B85995B68FCD}.Release|x86.Build.0 = Release|Win32
		{F89E7036-9D65-44A3-B873-28739D1391F6}.Debug|x64.ActiveCfg = Debug|x64
		{F89E7036-9D65-44A3-B873-28739D1391F6}.Debug|x64.Build.0 = Debug|x64
		{F89E7036-9D65-44A3-B873-28739D1391F6}.Debug|x86.ActiveCfg = Debug|Win32
		{F89E7036-9D65-44A3-B873-28739D1391F6}.Debug|x86.Build.0 = Debug|Win32
		{F89E7036-9D65-44A3-B873-28739D1391F6}.Release|x64.ActiveCfg = Release|x64
		{F89E7036-9D65-44A3-B873-28739D1391F6}.Release|x64.Build.0 = Release|x64
		{F89E7036-9D65-44A3-B873-28739D1391F6}.Release|x86.ActiveCfg = Release|Win32
		{F89E7036-9D65-44A3-B873-28739D1391F6}.Release|x86.Build.0 = Release|Win32
		{6978DD14-78B1-46E4-8063-DC3BC1661416}.Debug|x64.ActiveCfg = Debug|x64
		{6978DD14-78B1-46E4-8063-DC3BC1661416}.Debug|x64.Build.0 = Debug|x64
		{6978DD14-78B1-46E4-8063-DC3BC1661416}.Debug|x86.ActiveCfg = Debug|Win32
		{6978DD14-78B1-46E4-8063-DC3BC1661416}.Debug|x86.Build.0 = Debug|Win32
		{6978DD14-78B1-46E4-8063-DC3BC1661416}.Release|x64.ActiveCfg = Release|x64
		{6978DD14-78B1-46E4-8063-DC3BC1661416}.Release|x64.Build.0 = Release|x64
		{6978DD14-78B1-46E4-8063-DC3BC1661416}.Release|x86.ActiveCfg = Release|Win32
		{6978DD14-78B1-46E4-8063-DC3BC1661416}.Release|x86.Build.0 = Release|Win32
		{4BE2FA32-9B44-4DED-8168-91DF374FC8E6}.Debug|x64.ActiveCfg = Debug|x64
		{4BE2FA32-9B44-4DED-8168-91DF374FC8E6}.Debug|x64.Build.0 = Debug|x64
		{4BE2FA32-9B44-4DED-8168-91DF374FC8E6}.Debug|x86.ActiveCfg = Debug|Win32
		{4BE2FA32-9B44-4DED-8168-91DF374FC8E6}.Debug|x86.Build.0 = Debug|Win32
		{4BE2FA32-9B44-4DED-8168-91DF374FC8E6}.Release|x64.ActiveCfg = Release|x64
		{4BE2FA32-9B44-4DED-8168-91DF374FC8E6}.Release|x64.Build.0 = Release|x64
		{4BE2FA32-9B44-4DED-8168-91DF374FC8E6}.Release|x86.ActiveCfg = Release|Win32
		{4BE2FA32-9B44-4DED-8168-91DF374FC8E6}.Release|x86.Build.0 = Release|Win32
		{F48462C5-DEDD-4D22-A202-94D19DE87414}.Debug|x64.ActiveCfg = Debug|x64
		{F48462C5-DEDD-4D22-A202-94D19DE87414}.Debug|x64.Build.0 = Debug|x64
		{F48462C5-DEDD-4D22-A202-94D19DE87414}.Debug|x86.ActiveCfg = Debug|Win32
		{F48462C5-DEDD-4D22-A202-94D19DE87414}.Debug|x86.Build.0 = Debug|Win32
		{F48462C5-DEDD-4D22-A202-94D19DE87414}.Release|x64.ActiveCfg = Release|x64
		{F48462C5-DEDD-4D22-A202-94D19DE87414}.Release|x64.Build.0 = Release|x64
		{F48462C5-DEDD-4D22-A202-94D19DE87414}.Release|x86.ActiveCfg = Release|Win32
		{F48462C5-DEDD-4D22-A202-94D19DE87414}.Release|x86.Build.0 = Release|Win32
		{73CDDB80-01C9-438F-96DB-563CE5BAAC2E}.Debug|x64.ActiveCfg = Debug|x64
		{73CDDB80-01C9-438F-96DB-563CE5BAAC2E}.Debug|x64.Build.0 = Debug|x64
		{73CDDB80-01C9-438F-96DB-563CE5BAAC2E}.Debug|x86.ActiveCfg = Debug|Win32
		{73CDDB80-01C9-438F-96DB-563CE5BAAC2E}.Debug|x86.Build.0 = Debug|Win32
		{73CDDB80-01C9-438F-96DB-563CE5BAAC2E}.Release|x64.ActiveCfg = Release|x64
		{73CDDB80-01C9-438F-96DB-563CE5BAAC2E}.Release|x64.Build.0 = Release|x64
		{73CDDB80-01C9-438F-96DB-563CE5BAAC2E}.Release|x86.ActiveCfg = Release|Win32
		{73CDDB80-01C9-438F-96DB-563CE5BAAC2E}.Release|x86.Build.0 = Release|Win32
		{2AC3553B-3C7B-4AAE-9A3E-8EDD79B93C09}.Debug|x64.ActiveCfg = Debug|x64
		{2AC3553B-3C7B-4AAE-9A3E-8EDD79B93C09}.Debug|x64.Build.0 = Debug|x64
		{2AC3553B-3C7B-4AAE-9A3E-8EDD79B93C09}.Debug|x86.ActiveCfg = Debug|Win32
		{2AC3553B-3C7B-4AAE-9A3E-8EDD79B93C09}.Debug|x86.Build.0 = Debug|Win32
		{2AC3553B-3C7B-4AAE-9A3E-8EDD79B93C09}.Release|x64.ActiveCfg = Release|x64
		{2AC3553B-3C7B-4AAE-9A3E-8EDD79B93C09}.Release|x64.Build.0 = Release|x64
		{2AC3553B-3C7B-4AAE-9A3E-8EDD79B93C09}.Release|x86.ActiveCfg = Release|Win32
		{2AC3553B-3C7B-4AAE-9A3E-8EDD79B93C09}.Release|x86.Build.0 = Release|Win32
		{A6C07E54-BA52-4CD2-B417-2E55A20A3420}.Debug|x64.ActiveCfg = Debug|x64
		{A6C07E54-BA52-4CD2-B417-2E55A20A3420}.Debug|x64.Build.0 = Debug|x64
		{A6C07E54-BA52-4CD2-B417-2E55A20A3420}.Debug|x86.ActiveCfg = Debug|Win32
		{A6C07E54-BA52-4CD2-B417-2E55A20A3420}.Debug|x86.Build.0 = Debug|Win32
		{A6C07E54-BA52-4CD2-B417-2E55A20A3420}.Release|x64.ActiveCfg = Release|x64
		{A6C07E54-BA52-4CD2-B417-2E55A20A3420}.Release|x64.Build.0 = Release|x64
		{A6C07E54-BA52-4CD2-B417-2E55A20A3420}.Release|x86.ActiveCfg = Release|Win32
		{A6C07E54-BA52-4CD2-B417-2E55A20A3420}.Release|x86.Build.0 = Release|Win32
		{FDBCE913-AFB2-4668-AED3-26FA806D2FFB}.Debug|x64.ActiveCfg = Debug|x64
		{FDBCE913-AFB2-4668-AED3-26FA806D2FFB}.Debug|x64.Build.0 = Debug|x64
		{FDBCE913-AFB2-4668-AED3-26FA806D2FFB}.Debug|x86.ActiveCfg = Debug|Win32
		{FDBCE913-AFB2-4668-AED3-26FA806D2FFB}.Debug|x86.Build.0 = Debug|Win32
		{FDBCE913-AFB2-4668-AED3-26FA806D2FFB}.Release|x64.ActiveCfg = Release|x64
		{FDBCE913-AFB2-4668-AED3-26FA806D2FFB}.Release|x64.Build.0 = Release|x64
		{FDBCE913-AFB2-4668-AED3-26FA806D2FFB}.Release|x86.ActiveCfg = Release|Win32
		{FDBCE913-AFB2-4668-AED3-26FA806D2FFB}.Release|x86.Build.0 = Release|Win32
		{44454C9C-658C-4504-9A8B-07348068A47F}.Debug|x64.ActiveCfg = Debug|x64
		{44454C9C-658C-4504-9A8B-07348068A47F}.Debug|x64.Build.0 = Debug|x64
		{44454C9C-658C-4504-9A8B-07348068A47F}.Debug|x86.ActiveCfg = Debug|Win32
		{44454C9C-658C-4504-9A8B-07348068A47F}.Debug|x86.Build.0 = Debug|Win32
		{44454C9C-658C-4504-9A8B-07348068A47F}.Release|x64.ActiveCfg = Release|x64
		{44454C9C-658C-4504-9A8B-07348068A47F}.Release|x64.Build.0 = Release|x64
		{44454C9C-658C-4504-9A8B-07348068A47F}.Release|x86.ActiveCfg = Release|Win32
		{44454C9C-658C-4504-9A8B-07348068A47F}.Release|x86.Build.0 = Release|Win32
		{09698CEB-6F3F-4998-A948-AD0BC1ACC5F1}.Debug|x64.ActiveCfg = Debug|x64
		{09698CEB-6F3F-4998-A948-AD0BC1ACC5F1}.Debug|x64.Build.0 = Debug|x64
		{09698CEB-6F3F-4998-A948-AD0BC1ACC5F1}.Debug|x86.ActiveCfg = Debug|Win32
		{09698CEB-6F3F-4998-A948-AD0BC1ACC5F1}.Debug|x86.Build.0 = Debug|Win32
		{09698CEB-6F3F-4998-A948-AD0BC1ACC5F1}.Release|x64.ActiveCfg = Release|x64
		{09698CEB-6F3F-4998-A948-AD0BC1ACC5F1}.Release|x64.Build.0 = Release|x64
		{09698CEB-6F3F-4998-A948-AD0BC1ACC5F1}.Release|x86.ActiveCfg = Release|Win32
		{09698CEB-6F3F-4998-A948-AD0BC1ACC5F1}.Release|x86.Build.0 = Release|Win32
		{94A0B5DD-2006-4555-A2D1-7CEF6FA8E227}.Debug|x64.ActiveCfg = Debug|x64
		{94A0B5DD-2006-4555-A2D1-7CEF6FA8E227}.Debug|x64.Build.0 = Debug|x64
		{94A0B5DD-2006-4555-A2D1-7CEF6FA8E227}.Debug|x86.ActiveCfg = Debug|Win32
		{94A0B5DD-2006-4555-A2D1-7CEF6FA8E227}.Debug|x86.Build.0 = Debug|Win32
		{94A0B5DD-2006-4555-A2D1-7CEF6FA8E227}.Release|x64.ActiveCfg = Release|x64
		{94A0B5DD-2006-4555-A2D1-7CEF6FA8E227}.Release|x64.Build.0 = Release|x64
		{94A0B5DD-2006-4555-A2D1-7CEF6FA8E227}.Release|x86.ActiveCfg = Release|Win32
		{94A0B5DD-2006-4555-A2D1-7CEF6FA8E227}.Release|x86.Build.0 = Release|Win32
		{6CB6ED5A-DC85-40C6-804C-F58A9D30093F}.Debug|x64.ActiveCfg = Debug|x64
		{6CB6ED5A-DC85-40C6-804C-F58A9D30093F}.Debug|x64.Build.0 = Debug|x64
		{6CB6ED5A-DC85-40C6-804C-F58A9D30093F}.Debug|x86.ActiveCfg = Debug|Win32
		{6CB6ED5A-DC85-40C6-804C-F58A9D30093F}.Debug|x86.Build.0 = Debug|Win32
		{6CB6ED5A-DC85-40C6-804C-F58A9D30093F}.Release|x64.ActiveCfg = Release|x64
		{6CB6ED5A-DC85-40C6-804C-F58A9D30093F}.Release|x64.Build.0 = Release|x64
		{6CB6ED5A-DC85-40C6-804C-F58A9D30093F}.Release|x86.ActiveCfg = Release|Win32
		{6CB6ED5A-DC85-40C6-804C-F58A9D30093F}.Release|x86.Build.0 = Release|Win32
		{AA4CAAA0-F60F-42E4-838F-54469E5261C7}.Debug|x64.ActiveCfg = Debug|x64
		{AA4CAAA0-F60F-42E4-838F-54469E5261C7}.Debug|x64.Build.0 = Debug|x64
		{AA4CAAA0-F60F-42E4-838F-54469E5261C7}.Debug|x86.ActiveCfg = Debug|Win32
		{AA4CAAA0-F60F-42E4-838F-54469E5261C7}.Debug|x86.Build.0 = Debug|Win32
		{AA4CAAA0-F60F-42E4-838F-54469E5261C7}.Release|x64.ActiveCfg = Release|x64
		{AA4CAAA0-F60F-42E4-838F-54469E5261C7}.Release|x64.Build.0 = Release|x64
		{AA4CAAA0-F60F-42E4-838F-54469E5261C7}.Release|x86.ActiveCfg = Release|Win32
		{AA4CAAA0-F60F-42E4-838F-54469E5261C7}.Release|x86.Build.0 = Release|Win32
		{589D482C-79A4-47E4-BFEB-16FB142AC375}.Debug|x64.ActiveCfg = Debug|x64
		{589D482C-79A4-47E4-BFEB-16FB142AC375}.Debug|x64.Build.0 = Debug|x64
		{589D482C-79A4-47E4-BFEB-16FB142AC375}.Debug|x86.ActiveCfg = Debug|Win32
		{589D482C-79A4-47E4-BFEB-16FB142AC375}.Debug|x86.Build.0 = Debug|Win32
		{589D482C-79A4-47E4-BFEB-16FB142AC375}.Release|x64.ActiveCfg = Release|x64
		{589D482C-79A4-47E4-BFEB-16FB142AC375}.Release|x64.Build.0 = Release|x64
		{589D482C-79A4-47E4-BFEB-16FB142AC375}.Release|x86.ActiveCfg = Release|Win32
		{589D482C-79A4-47E4-BFEB-16FB142AC375}.Release|x86.Build.0 = Release|Win32
		{B3C5565B-CDCA-4431-BE1A-1D9005DF883E}.Debug|x64.ActiveCfg = Debug|x64
		{B3C5565B-CDCA-4431-BE1A-1D9005DF883E}.Debug|x64.Build.0 = Debug|x64
		{B3C5565B-CDCA-4431-BE1A-1D9005DF883E}.Debug|x86.ActiveCfg = Debug|Win32
		{B3C5565B-CDCA-4431-BE1A-1D9005DF883E}.Debug|x86.Build.0 = Debug|Win32
		{B3C5565B-CDCA-4431-BE1A-1D9005DF883E}.Release|x64.ActiveCfg = Release|x64
		{B3C5565B-CDCA-4431-BE1A-1D9005DF883E}.Release|x64.Build.0 = Release|x64
		{B3C5565B-CDCA-4431-BE1A-1D9005DF883E}.Release|x86.ActiveCfg = Release|Win32
		{B3C5565B-CDCA-4431-BE1A-1D9005DF883E}.Release|x86.Build.0 = Release|Win32
		{A190000E-6740-4247-9118-50261E0658AB}.Debug|x64.ActiveCfg = Debug|x64
		{A190000E-6740-4247-9118-50261E0658AB}.Debug|x64.Build.0 = Debug|x64
		{A190000E-6740-4247-9118-50261E0658AB}.Debug|x86.ActiveCfg = Debug|Win32
		{A190000E-6740-4247-9118-50261E0658AB}.Debug|x86.Build.0 = Debug|Win32
		{A190000E-6740-4247-9118-50261E0658AB}.Release|x64.ActiveCfg = Release|x64
		{A190000E-6740-4247-9118-50261E0658AB}.Release|x64.Build.0 = Release|x64
		{A190000E-6740-4247-9118-50261E0658AB}.Release|x86.ActiveCfg = Release|Win32
		{A190000E-6740-4247-9118-50261E0658AB}.Release|x86.Build.0 = Release|Win32
		{D5FD0F4C-CB0F-411F-859D-1367199022E1}.Debug|x64.ActiveCfg = Debug|x64
		{D5FD0F4C-CB0F-411F-859D-1367199022E1}.Debug|x64.Build.0 = Debug|x64
		{D5FD0F4C-CB0F-411F-859D-1367199022E1}.Debug|x86.ActiveCfg = Debug|Win32
		{D5FD0F4C-CB0F-411F-859D-1367199022E1}.Debug|x86.Build.0 = Debug|Win32
		{D5FD0F4C-CB0F-411F-859D-1367199022E1}.Release|x64.ActiveCfg = Release|x64
		{D5FD0F4C-CB0F-411F-859D-1367199022E1}.Release|x64.Build.0 = Release|x64
		{D5FD0F4C-CB0F-411F-859D-1367199022E1}.Release|x86.ActiveCfg = Release|Win32
		{D5FD0F4C-CB0F-411F-859D-1367199022E1}.Release|x86.Build.0 = Release|Win32
		{E1C8F0C2-B14A-48C6-B504-211839B226C5}.Debug|x64.ActiveCfg = Debug|x64
		{E1C8F0C2-B14A-48C6-B504-211839B226C5}.Debug|x64.Build.0 = Debug|x64
		{E1C8F0C2-B14A-48C6-B504-211839B226C5}.Debug|x86.ActiveCfg = Debug|Win32
		{E1C8F0C2-B14A-48C6-B504-211839B226C5}.Debug|x86.Build.0 = Debug|Win32
		{E1C8F0C2-B14A-48C6-B504-211839B226C5}.Release|x64.ActiveCfg = Release|x64
		{E1C8F0C2-B14A-48C6-B504-211839B226C5}.Release|x64.Build.0 = Release|x64
		{E1C8F0C2-B14A-48C6-B504-211839B226C5}.Release|x86.ActiveCfg = Release|Win32
		{E1C8F0C2-B14A-48C6-B504-211839B226C5}.Release|x86.Build.0 = Release|Win32
		{BCD325B2-A4BB-4D13-BE7C-F140C9E782F3}.Debug|x64.ActiveCfg = Debug|x64
		{BCD325B2-A4BB-4D13-BE7C-F140C9E782F3}.Debug|x64.Build.0 = Debug|x64
		{BCD325B2-A4BB-4D13-BE7C-F140C9E782F3}.Debug|x86.ActiveCfg = Debug|Win32
		{BCD325B2-A4BB-4D13-BE7C-F140C9E782F3}.Debug|x86.Build.0 = Debug|Win32
		{BCD325B2-A4BB-4D13-BE7C-F140C9E782F3}.Release|x64.ActiveCfg = Release|x64
		{BCD325B2-A4BB-4D13-BE7C-F140C9E782F3}.Release|x64.Build.0 = Release|x64
		{BCD325B2-A4BB-4D13-BE7C-F140C9E782F3}.Release|x86.ActiveCfg = Release|Win32
		{BCD325B2-A4BB-4D13-BE7C-F140C9E782F3}.Release|x86.Build.0 = Release|Win32
		{01965162-64EC-41CF-ACFA-475605FE1228}.Debug|x64.ActiveCfg = Debug|x64
		{01965162-64EC-41CF-ACFA-475605FE1228}.Debug|x64.Build.0 = Debug|x64
		{01965162-64EC-41CF-ACFA-475605FE1228}.Debug|x86.ActiveCfg = Debug|Win32
		{01965162-64EC-41CF-ACFA-475605FE1228}.Debug|x86.Build.0 = Debug|Win32
		{01965162-64EC-41CF-ACFA-475605FE1228}.Release|x64.ActiveCfg = Release|x64
		{01965162-64EC-41CF-ACFA-475605FE1228}.Release|x64.Build.0 = Release|x64
		{01965162-64EC-41CF-ACFA-475605FE1228}.Release|x86.ActiveCfg = Release|Win32
		{01965162-64EC-41CF-ACFA-475605FE1228}.Release|x86.Build.0 = Release|Win32
		{E9E6B2E8-0EF3-4365-8ABE-F5D3BB582688}.Debug|x64.ActiveCfg = Debug|x64
		{E9E6B2E8-0EF3-4365-8ABE-F5D3BB582688}.Debug|x64.Build.0 = Debug|x64
		{E9E6B2E8-0EF3-4365-8ABE-F5D3BB582688}.Debug|x86.ActiveCfg = Debug|Win32
		{E9E6B2E8-0EF3-4365-8ABE-F5D3BB582688}.Debug|x86.Build.0 = Debug|Win32
		{E9E6B2E8-0EF3-4365-8ABE-F5D3BB582688}.Release|x64.ActiveCfg = Release|x64
		{E9E6B2E8-0EF3-4365-8ABE-F5D3BB582688}.Release|x64.Build.0 = Release|x64
		{E9E6B2E8-0EF3-4365-8ABE-F5D3BB582688}.Release|x86.ActiveCfg = Release|Win32
		{E9E6B2E8-0EF3-4365-8ABE-F5D3BB582688}.Release|x86.Build.0 = Release|Win32
		{5F028EFF-BA70-48AE-B629-73B95AC1FF55}.Debug|x64.ActiveCfg = Debug|x64
		{5F028EFF-BA70-48AE-B629-73B95AC1FF55}.Debug|x64.Build.0 = Debug|x64
		{5F028EFF-BA70-48AE-B629-73B95AC1FF55}.Debug|x86.ActiveCfg = Debug|Win32
		{5F028EFF-BA70-48AE-B629-73B95AC1FF55}.Debug|x86.Build.0 = Debug|Win32
		{5F028EFF-BA70-48AE-B629-73B95AC1FF55}.Release|x64.ActiveCfg = Release|x64
		{5F028EFF-BA70-48AE-B629-73B95AC1FF55}.Release|x64.Build.0 = Release|x64
		{5F028EFF-BA70-48AE-B629-73B95AC1FF55}.Release|x86.ActiveCfg = Release|Win32
		{5F028EFF-BA70-48AE-B629-73B95AC1FF55}.Release|x86.Build.0 = Release|Win32
		{AEBC9986-6CFE-4CDB-8223-E23DDA7E9915}.Debug|x64.ActiveCfg = Debug|x64
		{AEBC9986-6CFE-4CDB-8223-E23DDA7E9915}.Debug|x64.Build.0 = Debug|x64
		{AEBC9986-6CFE-4CDB-8223-E23DDA7E9915}.Debug|x86.ActiveCfg = Debug|Win32
		{AEBC9986-6CFE-4CDB-8223-E23DDA7E9915}.Debug|x86.Build.0 = Debug|Win32
		{AEBC9986-6CFE-4CDB-8223-E23DDA7E9915}.Release|x64.ActiveCfg = Release|x64
		{AEBC9986-6CFE-4CDB-8223-E23DDA7E9915}.Release|x64.Build.0 = Release|x64
		{AEBC9986-6CFE-4CDB-8223-E23DDA7E9915}.Release|x86.ActiveCfg = Release|Win32
		{AEBC9986-6CFE-4CDB-8223-E23DDA7E9915}.Release|x86.Build.0 = Release|Win32
		{6059D633-E6AB-4BC7-8425-0BB067484A50}.Debug|x64.ActiveCfg = Debug|x64
		{6059D633-E6AB-4BC7-8425-0BB067484A50}.Debug|x64.Build.0 = Debug|x64
		{6059D633-E6AB-4BC7-8425-0BB067484A50}.Debug|x86.ActiveCfg = Debug|Win32
		{6059D633-E6AB-4BC7-8425-0BB067484A50}.Debug|x86.Build.0 = Debug|Win32
		{6059D633-E6AB-4BC7-8425-0BB067484A50}.Release|x64.ActiveCfg = Release|x64
		{6059D633-E6AB-4BC7-8425-0BB067484A50}.Release|x64.Build.0 = Release|x64
		{6059D633-E6AB-4BC7-8425-0BB067484A50}.Release|x86.ActiveCfg = Release|Win32
		{6059D633-E6AB-4BC7-8425-0BB067484A50}.Release|x86.Build.0 = Release|Win32
		{4C24BAB6-5FE4-4B7F-8A26-0D7FA1DD3643}.Debug|x64.ActiveCfg = Debug|x64
		{4C24BAB6-5FE4-4B7F-8A26-0D7FA1DD3643}.Debug|x64.Build.0 = Debug|x64
		{4C24BAB6-5FE4-4B7F-8A26-0D7FA1DD3643}.Debug|x86.ActiveCfg = Debug|Win32
		{4C24BAB6-5FE4-4B7F-8A26-0D7FA1DD3643}.Debug|x86.Build.0 = Debug|Win32
		{4C24BAB6-5FE4-4B7F-8A26-0D7FA1DD3643}.Release|x64.ActiveCfg = Release|x64
		{4C24BAB6-5FE4-4B7F-8A26-0D7FA1DD3643}.Release|x64.Build.0 = Release|x64
		{4C24BAB6-5FE4-4B7F-8A26-0D7FA1DD3643}.Release|x86.ActiveCfg = Release|Win32
		{4C24BAB6-5FE4-4B7F-8A26-0D7FA1DD3643}.Release|x86.Build.0 = Release|Win32
		{3802C626-4410-4B66-AEF6-36ADFBD1B8A6}.Debug|x64.ActiveCfg = Debug|x64
		{3802C626-4410-4B66-AEF6-36ADFBD1B8A6}.Debug|x64.Build.0 = Debug|x64
		{3802C626-4410-4B66-AEF6-36ADFBD1B8A6}.Debug|x86.ActiveCfg = Debug|Win32
		{3802C626-4410-4B66-AEF6-36ADFBD1B8A6}.Debug|x86.Build.0 = Debug|Win32
		{3802C626-4410-4B66-AEF6-36ADFBD1B8A6}.Release|x64.ActiveCfg = Release|x64
		{3802C626-4410-4B66-AEF6-36ADFBD1B8A6}.Release|x64.Build.0 = Release|x64
		{3802C626-4410-4B66-AEF6-36ADFBD1B8A6}.Release|x86.ActiveCfg = Release|Win32
		{3802C626-4410-4B66-AEF6-36ADFBD1B8A6}.Release|x86.Build.0 = Release|Win32
		{A78FBB13-78DF-4B58-ACE5-981200F0BE6E}.Debug|x64.ActiveCfg = Debug|x64
		{A78FBB13-78DF-4B58-ACE5-981200F0BE6E}.Debug|x64.Build.0 = Debug|x64
		{A78FBB13-78DF-4B58-ACE5-981200F0BE6E}.Debug|x86.ActiveCfg = Debug|Win32
		{A78FBB13-78DF-4B58-ACE5-981200F0BE6E}.Debug|x86.Build.0 = Debug|Win32
		{A78FBB13-78DF-4B58-ACE5-981200F0BE6E}.Release|x64.ActiveCfg = Release|x64
		{A78FBB13-78DF-4B58-ACE5-981200F0BE6E}.Release|x64.Build.0 = Release|x64
		{A78FBB13-78DF-4B58-ACE5-981200F0BE6E}.Release|x86.ActiveCfg = Release|Win32
		{A78FBB13-78DF-4B58-ACE5-981200F0BE6E}.Release|x86.Build.0 = Release|Win32
		{4812D870-95A0-4F29-9861-16713A55A890}.Debug|x64.ActiveCfg = Debug|x64
		{4812D870-95A0-4F29-9861-16713A55A890}.Debug|x64.Build.0 = Debug|x64
		{4812D870-95A0-4F29-9861-16713A55A890}.Debug|x86.ActiveCfg = Debug|Win32
		{4812D870-95A0-4F29-9861-16713A55A890}.Debug|x86.Build.0 = Debug|Win32
		{4812D870-95A0-4F29-9861-16713A55A890}.Release|x64.ActiveCfg = Release|x64
		{4812D870-95A0-4F29-9861-16713A55A890}.Release|x64.Build.0 = Release|x64
		{4812D870-95A0-4F29-9861-16713A55A890}.Release|x86.ActiveCfg = Release|Win32
		{4812D870-95A0-4F29-9861-16713A55A890}.Release|x86.Build.0 = Release|Win32
		{31DC993C-9512-44CD-941F-F47A164F584F}.Debug|x64.ActiveCfg = Debug|x64
		{31DC993C-9512-44CD-941F-F47A164F584F}.Debug|x64.Build.0 = Debug|x64
		{31DC993C-9512-44CD-941F-F47A164F584F}.Debug|x86.ActiveCfg = Debug|Win32
		{31DC993C-9512-44CD-941F-F47A164F584F}.Debug|x86.Build.0 = Debug|Win32
		{31DC993C-9512-44CD-941F-F47A164F584F}.Release|x64.ActiveCfg = Release|x64
		{31DC993C-9512-44CD-941F-F47A164F584F}.Release|x64.Build.0 = Release|x64
		{31DC993C-9512-44CD-941F-F47A164F584F}.Release|x86.ActiveCfg = Release|Win32
		{31DC993C-9512-44CD-941F-F47A164F584F}.Release|x86.Build.0 = Release|Win32
		{490E0FD1-8113-4E2E-9A26-247A46B5DB7D}.Debug|x64.ActiveCfg = Debug|x64
		{490E0FD1-8113-4E2E-9A26-247A46B5DB7D}.Debug|x64.Build.0 = Debug|x64
		{490E0FD1-8113-4E2E-9A26-247A46B5DB7D}.Debug|x86.ActiveCfg = Debug|Win32
		{490E0FD1-8113-4E2E-9A26-247A46B5DB7D}.Debug|x86.Build.0 = Debug|Win32
		{490E0FD1-8113-4E2E-9A26-247A46B5DB7D}.Release|x64.ActiveCfg = Release|x64
		{490E0FD1-8113-4E2E-9A26-247A46B5DB7D}.Release|x64.Build.0 = Release|x64
		{490E0FD1-8113-4E2E-9A26-247A46B5DB7D}.Release|x86.ActiveCfg = Release|Win32
		{490E0FD1-8113-4E2E-9A26-247A46B5DB7D}.Release|x86.Build.0 = Release|Win32
		{19793B23-883F-450B-96D9-8DDBA30B5999}.Debug|x64.ActiveCfg = Debug|x64
		{19793B23-883F-450B-96D9-8DDBA30B5999}.Debug|x64.Build.0 = Debug|x64
		{19793B23-883F-450B-96D9-8DDBA30B5999}.Debug|x86.ActiveCfg = Debug|Win32
		{19793B23-883F-450B-96D9-8DDBA30B5999}.Debug|x86.Build.0 = Debug|Win32
		{19793B23-883F-450B-96D9-8DDBA30B5999}.Release|x64.ActiveCfg = Release|x64
		{19793B23-883F-450B-96D9-8DDBA30B5999}.Release|x64.Build.0 = Release|x64
		{19793B23-883F-450B-96D9-8DDBA30B5999}.Release|x86.ActiveCfg = Release|Win32
		{19793B23-883F-450B-96D9-8DDBA30B5999}.Release|x86.Build.0 = Release|Win32
		{5AAB08FD-B69C-49A9-B4BD-031F36CEDB73}.Debug|x64.ActiveCfg = Debug|x64
		{5AAB08FD-B69C-49A9-B4BD-031F36CEDB73}.Debug|x64.Build.0 = Debug|x64
		{5AAB08FD-B69C-49A9-B4BD-031F36CEDB73}.Debug|x86.ActiveCfg = Debug|Win32
		{5AAB08FD-B69C-49A9-B4BD-031F36CEDB73}.Debug|x86.Build.0 = Debug|Win32
		{5AAB08FD-B69C-49A9-B4BD-031F36CEDB73}.Release|x64.ActiveCfg = Release|x64
		{5AAB08FD-B69C-49A9-B4BD-031F36CEDB73}.Release|x64.Build.0 = Release|x64
		{5AAB08FD-B69C-49A9-B4BD-031F36CEDB73}.Release|x86.ActiveCfg = Release|Win32
		{5AAB08FD-B69C-49A9-B4BD-031F36CEDB73}.Release|x86.Build.0 = Release|Win32
		{729EDDAA-AEC0-4C74-B24B-B5A12A18F64B}.Debug|x64.ActiveCfg = Debug|x64
		{729EDDAA-AEC0-4C74-B24B-B5A12A18F64B}.Debug|x64.Build.0 = Debug|x64
		{729EDDAA-AEC0-4C74-B24B-B5A12A18F64B}.Debug|x86.ActiveCfg = Debug|Win32
		{729EDDAA-AEC0-4C74-B24B-B5A12A18F64B}.Debug|x86.Build.0 = Debug|Win32
		{729EDDAA-AEC0-4C74-B24B-B5A12A18F64B}.Release|x64.ActiveCfg = Release|x64
		{729EDDAA-AEC0-4C74-B24B-B5A12A18F64B}.Release|x64.Build.0 = Release|x64
		{729EDDAA-AEC0-4C74-B24B-B5A12A18F64B}.Release|x86.ActiveCfg = Release|Win32
		{729EDDAA-AEC0-4C74-B24B-B5A12A18F64B}.Release|x86.Build.0 = Release|Win32
		{79262B96-8056-44D0-B77C-EAED94617D94}.Debug|x64.ActiveCfg = Debug|x64
		{79262B96-8056-44D0-B77C-EAED94617D94}.Debug|x64.Build.0 = Debug|x64
		{79262B96-8056-44D0-B77C-EAED94617D94}.Debug|x86.ActiveCfg = Debug|Win32
		{79262B96-8056-44D0-B77C-EAED94617D94}.Debug|x86.Build.0 = Debug|Win32
		{79262B96-8056-44D0-B77C-EAED94617D94}.Release|x64.ActiveCfg = Release|x64
		{79262B96-8056-44D0-B77C-EAED94617D94}.Release|x64.Build.0 = Release|x64
		{79262B96-8056-44D0-B77C-EAED94617D94}.Release|x86.ActiveCfg = Release|Win32
		{79262B96-8056-44D0-B77C-EAED94617D94}.Release|x86.Build.0 = Release|Win32
		{6049192C-4801-4A83-9A94-C906D49BB68C}.Debug|x64.ActiveCfg = Debug|x64
		{6049192C-4801-4A83-9A94-C906D49BB68C}.Debug|x64.Build.0 = Debug|x64
		{6049192C-4801-4A83-9A94-C906D49BB68C}.Debug|x86.ActiveCfg = Debug|Win32
		{6049192C-4801-4A83-9A94-C906D49BB68C}.Debug|x86.Build.0 = Debug|Win32
		{6049192C-4801-4A83-9A94-C906D49BB68C}.Release|x64.ActiveCfg = Release|x64
		{6049192C-4801-4A83-9A94-C906D49BB68C}.Release|x64.Build.0 = Release|x64
		{6049192C-4801-4A83-9A94-C906D49BB68C}.Release|x86.ActiveCfg = Release|Win32
		{6049192C-4801-4A83-9A94-C906D49BB68C}.Release|x86.Build.0 = Release|Win32
		{21A1E110-372D-4357-8C43-4D4293787F38}.Debug|x64.ActiveCfg = Debug|x64
		{21A1E110-372D-4357-8C43-4D4293787F38}.Debug|x64.Build.0 = Debug|x64
		{21A1E110-372D-4357-8C43-4D4293787F38}.Debug|x86.ActiveCfg = Debug|Win32
		{21A1E110-372D-4357-8C43-4D4293787F38}.Debug|x86.Build.0 = Debug|Win32
		{21A1E110-372D-4357-8C43-4D4293787F38}.Release|x64.ActiveCfg = Release|x64
		{21A1E110-372D-4357-8C43-4D4293787F38}.Release|x64.Build.0 = Release|x64
		{21A1E110-372D-4357-8C43-4D4293787F38}.Release|x86.ActiveCfg = Release|Win32
		{21A1E110-372D-4357-8C43-4D4293787F38}.Release|x86.Build.0 = Release|Win32
		{32CA979D-AB94-496B-870B-078C1B95346E}.Debug|x64.ActiveCfg = Debug|x64
		{32CA979D-AB94-496B-870B-078C1B95346E}.Debug|x64.Build.0 = Debug|x64
		{32CA979D-AB94-496B-870B-078C1B95346E}.Debug|x86.ActiveCfg = Debug|Win32
		{32CA979D-AB94-496B-870B-078C1B95346E}.Debug|x86.Build.0 = Debug|Win32
		{32CA979D-AB94-496B-870B-078C1B95346E}.Release|x64.ActiveCfg = Release|x64
		{32CA979D-AB94-496B-870B-078C1B95346E}.Release|x64.Build.0 = Release|x64
		{32CA979D-AB94-496B-870B-078C1B95346E}.Release|x86.ActiveCfg = Release|Win32
		{32CA979D-AB94-496B-870B-078C1B95346E}.Release|x86.Build.0 = Release|Win32
		{5EB875E6-BE71-4176-8861-1DC649C96FE6}.Debug|x64.ActiveCfg = Debug|x64
		{5EB875E6-BE71-4176-8861-1DC649C96FE6}.Debug|x64.Build.0 = Debug|x64
		{5EB875E6-BE71-4176-8861-1DC649C96FE6}.Debug|x86.ActiveCfg = Debug|Win32
		{5EB875E6-BE71-4176-8861-1DC649C96FE6}.Debug|x86.Build.0 = Debug|Win32
		{5EB875E6-BE71-4176-8861-1DC649C96FE6}.Release|x64.ActiveCfg = Release|x64
		{5EB875E6-BE71-4176-8861-1DC649C96FE6}.Release|x64.Build.0 = Release|x64
		{5EB875E6-BE71-4176-8861-1DC649C96FE6}.Release|x86.ActiveCfg = Release|Win32
		{5EB875E6-BE71-4176-8861-1DC649C96FE6}.Release|x86.Build.0 = Release|Win32
		{B35A2684-6525-4E90-A887-B10622F6F042}.Debug|x64.ActiveCfg = Debug|x64
		{B35A2684-6525-4E90-A887-B10622F6F042}.Debug|x64.Build.0 = Debug|x64
		{B35A2684-6525-4E90-A887-B10622F6F042}.Debug|x86.ActiveCfg = Debug|Win32
		{B35A2684-6525-4E90-A887-B10622F6F042}.Debug|x86.Build.0 = Debug|Win32
		{B35A2684-6525-4E90-A887-B10622F6F042}.Release|x64.ActiveCfg = Release|x64
		{B35A2684-6525-4E90-A887-B10622F6F042}.Release|x64.Build.0 = Release|x64
		{B35A2684-6525-4E90-A887-B10622F6F042}.Release|x86.ActiveCfg = Release|Win32
		{B35A2684-6525-4E90-A887-B10622F6F042}.Release|x86.Build.0 = Release|Win32
		{1EB2C8D7-0BB0-4BD1-898A-0AED8F260165}.Debug|x64.ActiveCfg = Debug|x64
		{1EB2C8D7-0BB0-4BD1-898A-0AED8F260165}.Debug|x64.Build.0 = Debug|x64
		{1EB2C8D7-0BB0-4BD1-898A-0AED8F260165}.Debug|x86.ActiveCfg = Debug|Win32
		{1EB2C8D7-0BB0-4BD1-898A-0AED8F260165}.Debug|x86.Build.0 = Debug|Win32
		{1EB2C8D7-0BB0-4BD1-898A-0AED8F260165}.Release|x64.ActiveCfg = Release|x64
		{1EB2C8D7-0BB0-4BD1-898A-0AED8F260165}.Release|x64.Build.0 = Release|x64
		{1EB2C8D7-0BB0-4BD1-898A-0AED8F260165}.Release|x86.ActiveCfg = Release|Win32
		{1EB2C8D7-0BB0-4BD1-898A-0AED8F260165}.Release|x86.Build.0 = Release|Win32
		{F84D5094-8F79-463E-8785-D410239BE053}.Debug|x64.ActiveCfg = Debug|x64
		{F84D5094-8F79-463E-8785-D410239BE053}.Debug|x64.Build.0 = Debug|x64
		{F84D5094-8F79-463E-8785-D410239BE053}.Debug|x86.ActiveCfg = Debug|Win32
		{F84D5094-8F79-463E-8785-D410239BE053}.Debug|x86.Build.0 = Debug|Win32
		{F84D5094-8F79-463E-8785-D410239BE053}.Release|x64.ActiveCfg = Release|x64
		{F84D5094-8F79-463E-8785-D410239BE053}.Release|x64.Build.0 = Release|x64
		{F84D5094-8F79-463E-8785-D410239BE053}.Release|x86.ActiveCfg = Release|Win32
		{F84D5094-8F79-463E-8785-D410239BE053}.Release|x86.Build.0 = Release|Win32
		{6B50498A-0064-429B-8BE9-68D975A7DF98}.Debug|x64.ActiveCfg = Debug|x64
		{6B50498A-0064-429B-8BE9-68D975A7DF98}.Debug|x64.Build.0 = Debug|x64
		{6B50498A-0064-429B-8BE9-68D975A7DF98}.Debug|x86.ActiveCfg = Debug|Win32
		{6B50498A-0064-429B-8BE9-68D975A7DF98}.Debug|x86.Build.0 = Debug|Win32
		{6B50498A-0064-429B-8BE9-68D975A7DF98}.Release|x64.ActiveCfg = Release|x64
		{6B50498A-0064-429B-8BE9-68D975A7DF98}.Release|x64.Build.0 = Release|x64
		{6B50498A-0064-429B-8BE9-68D975A7DF98}.Release|x86.ActiveCfg = Release|Win32
		{6B50498A-0064-429B-8BE9-68D975A7DF98}.Release|x86.Build.0 = Release|Win32
		{5C36B53B-9988-4720-A49D-E18DF97BC76E}.Debug|x64.ActiveCfg = Debug|x64
		{5C36B53B-9988-4720-A49D-E18DF97BC76E}.Debug|x64.Build.0 = Debug|x64
		{5C36B53B-9988-4720-A49D-E18DF97BC76E}.Debug|x86.ActiveCfg = Debug|Win32
		{5C36B53B-9988-4720-A49D-E18DF97BC76E}.Debug|x86.Build.0 = Debug|Win32
		{5C36B53B-9988-4720-A49D-E18DF97BC76E}.Release|x64.ActiveCfg = Release|x64
		{5C36B53B-9988-4720-A49D-E18DF97BC76E}.Release|x64.Build.0 = Release|x64
		{5C36B53B-9988-4720-A49D-E18DF97BC76E}.Release|x86.ActiveCfg = Release|Win32
		{5C36B53B-9988-4720-A49D-E18DF97BC76E}.Release|x86.Build.0 = Release|Win32
		{B2643494-E4D0-4439-8933-35FEA677364A}.Debug|x64.ActiveCfg = Debug|x64
		{B2643494-E4D0-4439-8933-35FEA677364A}.Debug|x64.Build.0 = Debug|x64
		{B2643494-E4D0-4439-8933-35FEA677364A}.Debug|x86.ActiveCfg = Debug|Win32
		{B2643494-E4D0-4439-8933-35FEA677364A}.Debug|x86.Build.0 = Debug|Win32
		{B2643494-E4D0-4439-8933-35FEA677364A}.Release|x64.ActiveCfg = Release|x64
		{B2643494-E4D0-4439-8933-35FEA677364A}.Release|x64.Build.0 = Release|x64
		{B2643494-E4D0-4439-8933-35FEA677364A}.Release|x86.ActiveCfg = Release|Win32
		{B2643494-E4D0-4439-8933-35FEA677364A}.Release|x86.Build.0 = Release|Win32
		{E03C631A-AF51-4B41-AB68-215A123B411F}.Debug|x64.ActiveCfg = Debug|x64
		{E03C631A-AF51-4B41-AB68-215A123B411F}.Debug|x64.Build.0 = Debug|x64
		{E03C631A-AF51-4B41-AB68-215A123B411F}.Debug|x86.ActiveCfg = Debug|Win32
		{E03C631A-AF51-4B41-AB68-215A123B411F}.Debug|x86.Build.0 = Debug|Win32
		{E03C631A-AF51-4B41-AB68-215A123B411F}.Release|x64.ActiveCfg = Release|x64
		{E03C631A-AF51-4B41-AB68-215A123B411F}.Release|x64.Build.0 = Release|x64
		{E03C631A-AF51-4B41-AB68-215A123B411F}.Release|x86.ActiveCfg = Release|Win32
		{E03C631A-AF51-4B41-AB68-215A123B411F}.Release|x86.Build.0 = Release|Win32
		{C274A852-7326-43EF-934D-007F9A00108F}.Debug|x64.ActiveCfg = Debug|x64
		{C274A852-7326-43EF-934D-007F9A00108F}.Debug|x64.Build.0 = Debug|x64
		{C274A852-7326-43EF-934D-007F9A00108F}.Debug|x86.ActiveCfg = Debug|Win32
		{C274A852-7326-43EF-934D-007F9A00108F}.Debug|x86.Build.0 = Debug|Win32
		{C274A852-7326-43EF-934D-007F9A00108F}.Release|x64.ActiveCfg = Release|x64
		{C274A852-7326-43EF-934D-007F9A00108F}.Release|x64.Build.0 = Release|x64
		{C274A852-7326-43EF-934D-007F9A00108F}.Release|x86.ActiveCfg = Release|Win32
		{C274A852-7326-43EF-934D-007F9A00108F}.Release|x86.Build.0 = Release|Win32
		{D73ACE15-AE86-4B00-8E97-2A31005CD912}.Debug|x64.ActiveCfg = Debug|x64
		{D73ACE15-AE86-4B00-8E97-2A31005CD912}.Debug|x64.Build.0 = Debug|x64
		{D73ACE15-AE86-4B00-8E97-2A31005CD912}.Debug|x86.ActiveCfg = Debug|Win32
		{D73ACE15-AE86-4B00-8E97-2A31005CD912}.Debug|x86.Build.0 = Debug|Win32
		{D73ACE15-AE86-4B00-8E97-2A31005CD912}.Release|x64.ActiveCfg = Release|x64
		{D73ACE15-AE86-4B00-8E97-2A31005CD912}.Release|x64.Build.0 = Release|x64
		{D73ACE15-AE86-4B00-8E97-2A31005CD912}.Release|x86.ActiveCfg = Release|Win32
		{D73ACE15-AE86-4B00-8E97-2A31005CD912}.Release|x86.Build.0 = Release|Win32
		{58DFBA9A-EE8C-4C15-9A8E-581FBB5ACA85}.Debug|x64.ActiveCfg = Debug|x64
		{58DFBA9A-EE8C-4C15-9A8E-581FBB5ACA85}.Debug|x64.Build.0 = Debug|x64
		{58DFBA9A-EE8C-4C15-9A8E-581FBB5ACA85}.Debug|x86.ActiveCfg = Debug|Win32
		{58DFBA9A-EE8C-4C15-9A8E-581FBB5ACA85}.Debug|x86.Build.0 = Debug|Win32
		{58DFBA9A-EE8C-4C15-9A8E-581FBB5ACA85}.Release|x64.ActiveCfg = Release|x64
		{58DFBA9A-EE8C-4C15-9A8E-581FBB5ACA85}.Release|x64.Build.0 = Release|x64
		{58DFBA9A-EE8C-4C15-9A8E-581FBB5ACA85}.Release|x86.ActiveCfg = Release|Win32
		{58DFBA9A-EE8C-4C15-9A8E-581FBB5ACA85}.Release|x86.Build.0 = Release|Win32
		{F56C6FFE-39DF-449A-842A-F1FD8E93F694}.Debug|x64.ActiveCfg = Debug|x64
		{F56C6FFE-39DF-449A-842A-F1FD8E93F694}.Debug|x64.Build.0 = Debug|x64
		{F56C6FFE-39DF-449A-842A-F1FD8E93F694}.Debug|x86.ActiveCfg = Debug|Win32
		{F56C6FFE-39DF-449A-842A-F1FD8E93F694}.Debug|x86.Build.0 = Debug|Win32
		{F56C6FFE-39DF-449A-842A-F1FD8E93F694}.Release|x64.ActiveCfg = Release|x64
		{F56C6FFE-39DF-449A-842A-F1FD8E93F694}.Release|x64.Build.0 = Release|x64
		{F56C6FFE-39DF-449A-842A-F1FD8E93F694}.Release|x86.ActiveCfg = Release|Win32
		{F56C6FFE-39DF-449A-842A-F1FD8E93F694}.Release|x86.Build.0 = Release|Win32
		{2C652204-5C7D-4E2D-90D2-3846C692973C}.Debug|x64.ActiveCfg = Debug|x64
		{2C652204-5C7D-4E2D-90D2-3846C692973C}.Debug|x64.Build.0 = Debug|x64
		{2C652204-5C7D-4E2D-90D2-3846C692973C}.Debug|x86.ActiveCfg = Debug|Win32
		{2C652204-5C7D-4E2D-90D2-3846C692973C}.Debug|x86.Build.0 = Debug|Win32
		{2C652204-5C7D-4E2D-90D2-3846C692973C}.Release|x64.ActiveCfg = Release|x64
		{2C652204-5C7D-4E2D-90D2-3846C692973C}.Release|x64.Build.0 = Release|x64
		{2C652204-5C7D-4E2D-90D2-3846C692973C}.Release|x86.ActiveCfg = Release|Win32
		{2C652204-5C7D-4E2D-90D2-3846C692973C}.Release|x86.Build.0 = Release|Win32
		{19614F9B-1B35-4255-A94A-9154ED417727}.Debug|x64.ActiveCfg = Debug|x64
		{19614F9B-1B35-4255-A94A-9154ED417727}.Debug|x64.Build.0 = Debug|x64
		{19614F9B-1B35-4255-A94A-9154ED417727}.Debug|x86.ActiveCfg = Debug|Win32
		{19614F9B-1B35-4255-A94A-9154ED417727}.Debug|x86.Build.0 = Debug|Win32
		{19614F9B-1B35-4255-A94A-9154ED417727}.Release|x64.ActiveCfg = Release|x64
		{19614F9B-1B35-4255-A94A-9154ED417727}.Release|x64.Build.0 = Release|x64
		{19614F9B-1B35-4255-A94A-9154ED417727}.Release|x86.ActiveCfg = Release|Win32
		{19614F9B-1B35-4255-A94A-9154ED417727}.Release|x86.Build.0 = Release|Win32
		{D9B54C3E-806A-4A17-A549-50B62890AB71}.Debug|x64.ActiveCfg = Debug|x64
		{D9B54C3E-806A-4A17-A549-50B62890AB71}.Debug|x64.Build.0 = Debug|x64
		{D9B54C3E-806A-4A17-A549-50B62890AB71}.Debug|x86.ActiveCfg = Debug|Win32
		{D9B54C3E-806A-4A17-A549-50B62890AB71}.Debug|x86.Build.0 = Debug|Win32
		{D9B54C3E-806A-4A17-A549-50B62890AB71}.Release|x64.ActiveCfg = Release|x64
		{D9B54C3E-806A-4A17-A549-50B62890AB71}.Release|x64.Build.0 = Release|x64
		{D9B54C3E-806A-4A17-A549-50B62890AB71}.Release|x86.ActiveCfg = Release|Win32
		{D9B54C3E-806A-4A17-A549-50B62890AB71}.Release|x86.Build.0 = Release|Win32
		{4E5AFAF7-C8E6-4690-A636-4C03ADCBD5B3}.Debug|x64.ActiveCfg = Debug|x64
		{4E5AFAF7-C8E6-4690-A636-4C03ADCBD5B3}.Debug|x64.Build.0 = Debug|x64
		{4E5AFAF7-C8E6-4690-A636-4C03ADCBD5B3}.Debug|x86.ActiveCfg = Debug|Win32
		{4E5AFAF7-C8E6-4690-A636-4C03ADCBD5B3}.Debug|x86.Build.0 = Debug|Win32
		{4E5AFAF7-C8E6-4690-A636-4C03ADCBD5B3}.Release|x64.ActiveCfg = Release|x64
		{4E5AFAF7-C8E6-4690-A636-4C03ADCBD5B3}.Release|x64.Build.0 = Release|x64
		{4E5AFAF7-C8E6-4690-A636-4C03ADCBD5B3}.Release|x86.ActiveCfg = Release|Win32
		{4E5AFAF7-C8E6-4690-A636-4C03ADCBD5B3}.Release|x86.Build.0 = Release|Win32
		{61FF1115-09FF-439A-B45A-294ECC76A10C}.Debug|x64.ActiveCfg = Debug|x64
		{61FF1115-09FF-439A-B45A-294ECC76A10C}.Debug|x64.Build.0 = Debug|x64
		{61FF1115-09FF-439A-B45A-294ECC76A10C}.Debug|x86.ActiveCfg = Debug|Win32
		{61FF1115-09FF-439A-B45A-294ECC76A10C}.Debug|x86.Build.0 = Debug|Win32
		{61FF1115-09FF-439A-B45A-294ECC76A10C}.Release|x64.ActiveCfg = Release|x64
		{61FF1115-09FF-439A-B45A-294ECC76A10C}.Release|x64.Build.0 = Release|x64
		{61FF1115-09FF-439A-B45A-294ECC76A10C}.Release|x86.ActiveCfg = Release|Win32
		{61FF1115-09FF-439A-B45A-294ECC76A10C}.Release|x86.Build.0 = Release|Win32
		{9CEDE925-37EF-4D00-9BE4-95000B3F6F9D}.Debug|x64.ActiveCfg = Debug|x64
		{9CEDE925-37EF-4D00-9BE4-95000B3F6F9D}.Debug|x64.Build.0 = Debug|x64
		{9CEDE925-37EF-4D00-9BE4-95000B3F6F9D}.Debug|x86.ActiveCfg = Debug|Win32
		{9CEDE925-37EF-4D00-9BE4-95000B3F6F9D}.Debug|x86.Build.0 = Debug|Win32
		{9CEDE925-37EF-4D00-9BE4-95000B3F6F9D}.Release|x64.ActiveCfg = Release|x64
		{9CEDE925-37EF-4D00-9BE4-95000B3F6F9D}.Release|x64.Build.0 = Release|x64
		{9CEDE925-37EF-4D00-9BE4-95000B3F6F9D}.Release|x86.ActiveCfg = Release|Win32
		{9CEDE925-37EF-4D00-9BE4-95000B3F6F9D}.Release|x86.Build.0 = Release|Win32
		{5D9F2974-11A2-4D6C-8088-A9783A8A78EB}.Debug|x64.ActiveCfg = Debug|x64
		{5D9F2974-11A2-4D6C-8088-A9783A8A78EB}.Debug|x64.Build.0 = Debug|x64
		{5D9F2974-11A2-4D6C-8088-A9783A8A78EB}.Debug|x86.ActiveCfg = Debug|Win32
		{5D9F2974-11A2-4D6C-8088-A9783A8A78EB}.Debug|x86.Build.0 = Debug|Win32
		{5D9F2974-11A2-4D6C-8088-A9783A8A78EB}.Release|x64.ActiveCfg = Release|x64
		{5D9F2974-11A2-4D6C-8088-A9783A8A78EB}.Release|x64.Build.0 = Release|x64
		{5D9F2974-11A2-4D6C-8088-A9783A8A78EB}.Release|x86.ActiveCfg = Release|Win32
		{5D9F2974-11A2-4D6C-8088-A9783A8A78EB}.Release|x86.Build.0 = Release|Win32
		{DC1C917D-B8A1-443A-8889-164CC1920C84}.Debug|x64.ActiveCfg = Debug|x64
		{DC1C917D-B8A1-443A-8889-164CC1920C84}.Debug|x64.Build.0 = Debug|x64
		{DC1C917D-B8A1-443A-8889-164CC1920C84}.Debug|x86.ActiveCfg = Debug|Win32
		{DC1C917D-B8A1-443A-8889-164CC1920C84}.Debug|x86.Build.0 = Debug|Win32
		{DC1C917D-B8A1-443A-8889-164CC1920C84}.Release|x64.ActiveCfg = Release|x64
		{DC1C917D-B8A1-443A-8889-164CC1920C84}.Release|x64.Build.0 = Release|x64
		{DC1C917D-B8A1-443A-8889-164CC1920C84}.Release|x86.ActiveCfg = Release|Win32
		{DC1C917D-B8A1-443A-8889-164CC1920C84}.Release|x86.Build.0 = Release|Win32
	EndGlobalSection
	GlobalSection(SolutionProperties) = preSolution
		HideSolutionNode = FALSE
	EndGlobalSection
	GlobalSection(ExtensibilityGlobals) = postSolution
		SolutionGuid = {4E170786-8394-4CEF-8EAD-9501329E5D69}
	EndGlobalSection
EndGlobal
